// !$*UTF8*$!
{
	archiveVersion = 1;
	classes = {
	};
	objectVersion = 56;
	objects = {

/* Begin PBXBuildFile section */
		850B6FD92EAE57780085255C /* UseCase_InputStreamingApp.swift in Sources */ = {isa = PBXBuildFile; fileRef = 850B6FD82EAE57780085255C /* UseCase_InputStreamingApp.swift */; };
		850B6FDB2EAE57780085255C /* ContentView.swift in Sources */ = {isa = PBXBuildFile; fileRef = 850B6FDA2EAE57780085255C /* ContentView.swift */; };
		850B6FDD2EAE577C0085255C /* Assets.xcassets in Resources */ = {isa = PBXBuildFile; fileRef = 850B6FDC2EAE577C0085255C /* Assets.xcassets */; };
		850B6FE02EAE577C0085255C /* Preview Assets.xcassets in Resources */ = {isa = PBXBuildFile; fileRef = 850B6FDF2EAE577C0085255C /* Preview Assets.xcassets */; };
		850B6FE72EAE58970085255C /* ViewModel.swift in Sources */ = {isa = PBXBuildFile; fileRef = 850B6FE62EAE58970085255C /* ViewModel.swift */; };
		850B6FE92EAEBCEB0085255C /* Executor.swift in Sources */ = {isa = PBXBuildFile; fileRef = 850B6FE82EAEBCEB0085255C /* Executor.swift */; };
		850B6FEB2EAEBCF70085255C /* ChangeBrightnessUseCase.swift in Sources */ = {isa = PBXBuildFile; fileRef = 850B6FEA2EAEBCF70085255C /* ChangeBrightnessUseCase.swift */; };
		850B6FED2EAEBCFF0085255C /* UseCase.swift in Sources */ = {isa = PBXBuildFile; fileRef = 850B6FEC2EAEBCFF0085255C /* UseCase.swift */; };
		850B6FF12EB15E230085255C /* Atomics in Frameworks */ = {isa = PBXBuildFile; productRef = 850B6FF02EB15E230085255C /* Atomics */; };
		850B6FF32EB18B410085255C /* InputStreamingNamespace.swift in Sources */ = {isa = PBXBuildFile; fileRef = 850B6FF22EB18B410085255C /* InputStreamingNamespace.swift */; };
		850B6FF72EB1C7180085255C /* Observable+Extension.swift in Sources */ = {isa = PBXBuildFile; fileRef = 850B6FF62EB1C7180085255C /* Observable+Extension.swift */; };
/* End PBXBuildFile section */

/* Begin PBXFileReference section */
		850B6FD52EAE57780085255C /* UseCase+InputStreaming.app */ = {isa = PBXFileReference; explicitFileType = wrapper.application; includeInIndex = 0; path = "UseCase+InputStreaming.app"; sourceTree = BUILT_PRODUCTS_DIR; };
		850B6FD82EAE57780085255C /* UseCase_InputStreamingApp.swift */ = {isa = PBXFileReference; lastKnownFileType = sourcecode.swift; path = UseCase_InputStreamingApp.swift; sourceTree = "<group>"; };
		850B6FDA2EAE57780085255C /* ContentView.swift */ = {isa = PBXFileReference; lastKnownFileType = sourcecode.swift; path = ContentView.swift; sourceTree = "<group>"; };
		850B6FDC2EAE577C0085255C /* Assets.xcassets */ = {isa = PBXFileReference; lastKnownFileType = folder.assetcatalog; path = Assets.xcassets; sourceTree = "<group>"; };
		850B6FDF2EAE577C0085255C /* Preview Assets.xcassets */ = {isa = PBXFileReference; lastKnownFileType = folder.assetcatalog; path = "Preview Assets.xcassets"; sourceTree = "<group>"; };
		850B6FE62EAE58970085255C /* ViewModel.swift */ = {isa = PBXFileReference; lastKnownFileType = sourcecode.swift; path = ViewModel.swift; sourceTree = "<group>"; };
		850B6FE82EAEBCEB0085255C /* Executor.swift */ = {isa = PBXFileReference; lastKnownFileType = sourcecode.swift; path = Executor.swift; sourceTree = "<group>"; };
		850B6FEA2EAEBCF70085255C /* ChangeBrightnessUseCase.swift */ = {isa = PBXFileReference; lastKnownFileType = sourcecode.swift; path = ChangeBrightnessUseCase.swift; sourceTree = "<group>"; };
		850B6FEC2EAEBCFF0085255C /* UseCase.swift */ = {isa = PBXFileReference; lastKnownFileType = sourcecode.swift; path = UseCase.swift; sourceTree = "<group>"; };
		850B6FF22EB18B410085255C /* InputStreamingNamespace.swift */ = {isa = PBXFileReference; lastKnownFileType = sourcecode.swift; path = InputStreamingNamespace.swift; sourceTree = "<group>"; };
		850B6FF62EB1C7180085255C /* Observable+Extension.swift */ = {isa = PBXFileReference; lastKnownFileType = sourcecode.swift; path = "Observable+Extension.swift"; sourceTree = "<group>"; };
/* End PBXFileReference section */

/* Begin PBXFrameworksBuildPhase section */
		850B6FD22EAE57780085255C /* Frameworks */ = {
			isa = PBXFrameworksBuildPhase;
			buildActionMask = 2147483647;
			files = (
				850B6FF12EB15E230085255C /* Atomics in Frameworks */,
			);
			runOnlyForDeploymentPostprocessing = 0;
		};
/* End PBXFrameworksBuildPhase section */

/* Begin PBXGroup section */
		850B6FCC2EAE57780085255C = {
			isa = PBXGroup;
			children = (
				850B6FD72EAE57780085255C /* UseCase+InputStreaming */,
				850B6FD62EAE57780085255C /* Products */,
				850B6FEF2EB15E220085255C /* Frameworks */,
			);
			sourceTree = "<group>";
		};
		850B6FD62EAE57780085255C /* Products */ = {
			isa = PBXGroup;
			children = (
				850B6FD52EAE57780085255C /* UseCase+InputStreaming.app */,
			);
			name = Products;
			sourceTree = "<group>";
		};
		850B6FD72EAE57780085255C /* UseCase+InputStreaming */ = {
			isa = PBXGroup;
			children = (
				850B6FD82EAE57780085255C /* UseCase_InputStreamingApp.swift */,
				850B6FDA2EAE57780085255C /* ContentView.swift */,
				850B6FF22EB18B410085255C /* InputStreamingNamespace.swift */,
				850B6FE62EAE58970085255C /* ViewModel.swift */,
				850B6FE82EAEBCEB0085255C /* Executor.swift */,
				850B6FEC2EAEBCFF0085255C /* UseCase.swift */,
				850B6FF62EB1C7180085255C /* Observable+Extension.swift */,
				850B6FEA2EAEBCF70085255C /* ChangeBrightnessUseCase.swift */,
				850B6FDC2EAE577C0085255C /* Assets.xcassets */,
				850B6FDE2EAE577C0085255C /* Preview Content */,
			);
			path = "UseCase+InputStreaming";
			sourceTree = "<group>";
		};
		850B6FDE2EAE577C0085255C /* Preview Content */ = {
			isa = PBXGroup;
			children = (
				850B6FDF2EAE577C0085255C /* Preview Assets.xcassets */,
			);
			path = "Preview Content";
			sourceTree = "<group>";
		};
		850B6FEF2EB15E220085255C /* Frameworks */ = {
			isa = PBXGroup;
			children = (
			);
			name = Frameworks;
			sourceTree = "<group>";
		};
/* End PBXGroup section */

/* Begin PBXNativeTarget section */
		850B6FD42EAE57780085255C /* UseCase+InputStreaming */ = {
			isa = PBXNativeTarget;
			buildConfigurationList = 850B6FE32EAE577D0085255C /* Build configuration list for PBXNativeTarget "UseCase+InputStreaming" */;
			buildPhases = (
				850B6FD12EAE57780085255C /* Sources */,
				850B6FD22EAE57780085255C /* Frameworks */,
				850B6FD32EAE57780085255C /* Resources */,
			);
			buildRules = (
			);
			dependencies = (
			);
			name = "UseCase+InputStreaming";
			packageProductDependencies = (
				850B6FF02EB15E230085255C /* Atomics */,
			);
			productName = "UseCase+InputStreaming";
			productReference = 850B6FD52EAE57780085255C /* UseCase+InputStreaming.app */;
			productType = "com.apple.product-type.application";
		};
/* End PBXNativeTarget section */

/* Begin PBXProject section */
		850B6FCD2EAE57780085255C /* Project object */ = {
			isa = PBXProject;
			attributes = {
				BuildIndependentTargetsInParallel = 1;
				LastSwiftUpdateCheck = 1510;
				LastUpgradeCheck = 1510;
				TargetAttributes = {
					850B6FD42EAE57780085255C = {
						CreatedOnToolsVersion = 15.1;
					};
				};
			};
			buildConfigurationList = 850B6FD02EAE57780085255C /* Build configuration list for PBXProject "UseCase+InputStreaming" */;
			compatibilityVersion = "Xcode 14.0";
			developmentRegion = en;
			hasScannedForEncodings = 0;
			knownRegions = (
				en,
				Base,
			);
			mainGroup = 850B6FCC2EAE57780085255C;
			packageReferences = (
				850B6FEE2EB15CA20085255C /* XCRemoteSwiftPackageReference "swift-atomics" */,
			);
			productRefGroup = 850B6FD62EAE57780085255C /* Products */;
			projectDirPath = "";
			projectRoot = "";
			targets = (
				850B6FD42EAE57780085255C /* UseCase+InputStreaming */,
			);
		};
/* End PBXProject section */

/* Begin PBXResourcesBuildPhase section */
		850B6FD32EAE57780085255C /* Resources */ = {
			isa = PBXResourcesBuildPhase;
			buildActionMask = 2147483647;
			files = (
				850B6FE02EAE577C0085255C /* Preview Assets.xcassets in Resources */,
				850B6FDD2EAE577C0085255C /* Assets.xcassets in Resources */,
			);
			runOnlyForDeploymentPostprocessing = 0;
		};
/* End PBXResourcesBuildPhase section */

/* Begin PBXSourcesBuildPhase section */
		850B6FD12EAE57780085255C /* Sources */ = {
			isa = PBXSourcesBuildPhase;
			buildActionMask = 2147483647;
			files = (
				850B6FE92EAEBCEB0085255C /* Executor.swift in Sources */,
				850B6FDB2EAE57780085255C /* ContentView.swift in Sources */,
				850B6FF72EB1C7180085255C /* Observable+Extension.swift in Sources */,
				850B6FE72EAE58970085255C /* ViewModel.swift in Sources */,
				850B6FED2EAEBCFF0085255C /* UseCase.swift in Sources */,
				850B6FD92EAE57780085255C /* UseCase_InputStreamingApp.swift in Sources */,
				850B6FF32EB18B410085255C /* InputStreamingNamespace.swift in Sources */,
				850B6FEB2EAEBCF70085255C /* ChangeBrightnessUseCase.swift in Sources */,
			);
			runOnlyForDeploymentPostprocessing = 0;
		};
/* End PBXSourcesBuildPhase section */

/* Begin XCBuildConfiguration section */
		850B6FE12EAE577C0085255C /* Debug */ = {
			isa = XCBuildConfiguration;
			buildSettings = {
				ALWAYS_SEARCH_USER_PATHS = NO;
				ASSETCATALOG_COMPILER_GENERATE_SWIFT_ASSET_SYMBOL_EXTENSIONS = YES;
				CLANG_ANALYZER_NONNULL = YES;
				CLANG_ANALYZER_NUMBER_OBJECT_CONVERSION = YES_AGGRESSIVE;
				CLANG_CXX_LANGUAGE_STANDARD = "gnu++20";
				CLANG_ENABLE_MODULES = YES;
				CLANG_ENABLE_OBJC_ARC = YES;
				CLANG_ENABLE_OBJC_WEAK = YES;
				CLANG_WARN_BLOCK_CAPTURE_AUTORELEASING = YES;
				CLANG_WARN_BOOL_CONVERSION = YES;
				CLANG_WARN_COMMA = YES;
				CLANG_WARN_CONSTANT_CONVERSION = YES;
				CLANG_WARN_DEPRECATED_OBJC_IMPLEMENTATIONS = YES;
				CLANG_WARN_DIRECT_OBJC_ISA_USAGE = YES_ERROR;
				CLANG_WARN_DOCUMENTATION_COMMENTS = YES;
				CLANG_WARN_EMPTY_BODY = YES;
				CLANG_WARN_ENUM_CONVERSION = YES;
				CLANG_WARN_INFINITE_RECURSION = YES;
				CLANG_WARN_INT_CONVERSION = YES;
				CLANG_WARN_NON_LITERAL_NULL_CONVERSION = YES;
				CLANG_WARN_OBJC_IMPLICIT_RETAIN_SELF = YES;
				CLANG_WARN_OBJC_LITERAL_CONVERSION = YES;
				CLANG_WARN_OBJC_ROOT_CLASS = YES_ERROR;
				CLANG_WARN_QUOTED_INCLUDE_IN_FRAMEWORK_HEADER = YES;
				CLANG_WARN_RANGE_LOOP_ANALYSIS = YES;
				CLANG_WARN_STRICT_PROTOTYPES = YES;
				CLANG_WARN_SUSPICIOUS_MOVE = YES;
				CLANG_WARN_UNGUARDED_AVAILABILITY = YES_AGGRESSIVE;
				CLANG_WARN_UNREACHABLE_CODE = YES;
				CLANG_WARN__DUPLICATE_METHOD_MATCH = YES;
				COPY_PHASE_STRIP = NO;
				DEBUG_INFORMATION_FORMAT = dwarf;
				ENABLE_STRICT_OBJC_MSGSEND = YES;
				ENABLE_TESTABILITY = YES;
				ENABLE_USER_SCRIPT_SANDBOXING = YES;
				GCC_C_LANGUAGE_STANDARD = gnu17;
				GCC_DYNAMIC_NO_PIC = NO;
				GCC_NO_COMMON_BLOCKS = YES;
				GCC_OPTIMIZATION_LEVEL = 0;
				GCC_PREPROCESSOR_DEFINITIONS = (
					"DEBUG=1",
					"$(inherited)",
				);
				GCC_WARN_64_TO_32_BIT_CONVERSION = YES;
				GCC_WARN_ABOUT_RETURN_TYPE = YES_ERROR;
				GCC_WARN_UNDECLARED_SELECTOR = YES;
				GCC_WARN_UNINITIALIZED_AUTOS = YES_AGGRESSIVE;
				GCC_WARN_UNUSED_FUNCTION = YES;
				GCC_WARN_UNUSED_VARIABLE = YES;
				IPHONEOS_DEPLOYMENT_TARGET = 17.2;
				LOCALIZATION_PREFERS_STRING_CATALOGS = YES;
				MTL_ENABLE_DEBUG_INFO = INCLUDE_SOURCE;
				MTL_FAST_MATH = YES;
				ONLY_ACTIVE_ARCH = YES;
				SDKROOT = iphoneos;
				SWIFT_ACTIVE_COMPILATION_CONDITIONS = "DEBUG $(inherited)";
				SWIFT_OPTIMIZATION_LEVEL = "-Onone";
			};
			name = Debug;
		};
		850B6FE22EAE577C0085255C /* Release */ = {
			isa = XCBuildConfiguration;
			buildSettings = {
				ALWAYS_SEARCH_USER_PATHS = NO;
				ASSETCATALOG_COMPILER_GENERATE_SWIFT_ASSET_SYMBOL_EXTENSIONS = YES;
				CLANG_ANALYZER_NONNULL = YES;
				CLANG_ANALYZER_NUMBER_OBJECT_CONVERSION = YES_AGGRESSIVE;
				CLANG_CXX_LANGUAGE_STANDARD = "gnu++20";
				CLANG_ENABLE_MODULES = YES;
				CLANG_ENABLE_OBJC_ARC = YES;
				CLANG_ENABLE_OBJC_WEAK = YES;
				CLANG_WARN_BLOCK_CAPTURE_AUTORELEASING = YES;
				CLANG_WARN_BOOL_CONVERSION = YES;
				CLANG_WARN_COMMA = YES;
				CLANG_WARN_CONSTANT_CONVERSION = YES;
				CLANG_WARN_DEPRECATED_OBJC_IMPLEMENTATIONS = YES;
				CLANG_WARN_DIRECT_OBJC_ISA_USAGE = YES_ERROR;
				CLANG_WARN_DOCUMENTATION_COMMENTS = YES;
				CLANG_WARN_EMPTY_BODY = YES;
				CLANG_WARN_ENUM_CONVERSION = YES;
				CLANG_WARN_INFINITE_RECURSION = YES;
				CLANG_WARN_INT_CONVERSION = YES;
				CLANG_WARN_NON_LITERAL_NULL_CONVERSION = YES;
				CLANG_WARN_OBJC_IMPLICIT_RETAIN_SELF = YES;
				CLANG_WARN_OBJC_LITERAL_CONVERSION = YES;
				CLANG_WARN_OBJC_ROOT_CLASS = YES_ERROR;
				CLANG_WARN_QUOTED_INCLUDE_IN_FRAMEWORK_HEADER = YES;
				CLANG_WARN_RANGE_LOOP_ANALYSIS = YES;
				CLANG_WARN_STRICT_PROTOTYPES = YES;
				CLANG_WARN_SUSPICIOUS_MOVE = YES;
				CLANG_WARN_UNGUARDED_AVAILABILITY = YES_AGGRESSIVE;
				CLANG_WARN_UNREACHABLE_CODE = YES;
				CLANG_WARN__DUPLICATE_METHOD_MATCH = YES;
				COPY_PHASE_STRIP = NO;
				DEBUG_INFORMATION_FORMAT = "dwarf-with-dsym";
				ENABLE_NS_ASSERTIONS = NO;
				ENABLE_STRICT_OBJC_MSGSEND = YES;
				ENABLE_USER_SCRIPT_SANDBOXING = YES;
				GCC_C_LANGUAGE_STANDARD = gnu17;
				GCC_NO_COMMON_BLOCKS = YES;
				GCC_WARN_64_TO_32_BIT_CONVERSION = YES;
				GCC_WARN_ABOUT_RETURN_TYPE = YES_ERROR;
				GCC_WARN_UNDECLARED_SELECTOR = YES;
				GCC_WARN_UNINITIALIZED_AUTOS = YES_AGGRESSIVE;
				GCC_WARN_UNUSED_FUNCTION = YES;
				GCC_WARN_UNUSED_VARIABLE = YES;
				IPHONEOS_DEPLOYMENT_TARGET = 17.2;
				LOCALIZATION_PREFERS_STRING_CATALOGS = YES;
				MTL_ENABLE_DEBUG_INFO = NO;
				MTL_FAST_MATH = YES;
				SDKROOT = iphoneos;
				SWIFT_COMPILATION_MODE = wholemodule;
				VALIDATE_PRODUCT = YES;
			};
			name = Release;
		};
		850B6FE42EAE577D0085255C /* Debug */ = {
			isa = XCBuildConfiguration;
			buildSettings = {
				ASSETCATALOG_COMPILER_APPICON_NAME = AppIcon;
				ASSETCATALOG_COMPILER_GLOBAL_ACCENT_COLOR_NAME = AccentColor;
				CODE_SIGN_STYLE = Automatic;
				CURRENT_PROJECT_VERSION = 1;
				DEVELOPMENT_ASSET_PATHS = "\"UseCase+InputStreaming/Preview Content\"";
				DEVELOPMENT_TEAM = YY8J3FPYX8;
				ENABLE_PREVIEWS = YES;
				GENERATE_INFOPLIST_FILE = YES;
				INFOPLIST_KEY_UIApplicationSceneManifest_Generation = YES;
				INFOPLIST_KEY_UIApplicationSupportsIndirectInputEvents = YES;
				INFOPLIST_KEY_UILaunchScreen_Generation = YES;
				INFOPLIST_KEY_UISupportedInterfaceOrientations_iPad = "UIInterfaceOrientationPortrait UIInterfaceOrientationPortraitUpsideDown UIInterfaceOrientationLandscapeLeft UIInterfaceOrientationLandscapeRight";
				INFOPLIST_KEY_UISupportedInterfaceOrientations_iPhone = "UIInterfaceOrientationPortrait UIInterfaceOrientationLandscapeLeft UIInterfaceOrientationLandscapeRight";
				LD_RUNPATH_SEARCH_PATHS = (
					"$(inherited)",
					"@executable_path/Frameworks",
				);
				MARKETING_VERSION = 1.0;
				PRODUCT_BUNDLE_IDENTIFIER = "com.timothyrosenvall.UseCase-InputStreaming";
				PRODUCT_NAME = "$(TARGET_NAME)";
				SWIFT_EMIT_LOC_STRINGS = YES;
				SWIFT_VERSION = 5.0;
				TARGETED_DEVICE_FAMILY = "1,2";
			};
			name = Debug;
		};
		850B6FE52EAE577D0085255C /* Release */ = {
			isa = XCBuildConfiguration;
			buildSettings = {
				ASSETCATALOG_COMPILER_APPICON_NAME = AppIcon;
				ASSETCATALOG_COMPILER_GLOBAL_ACCENT_COLOR_NAME = AccentColor;
				CODE_SIGN_STYLE = Automatic;
				CURRENT_PROJECT_VERSION = 1;
				DEVELOPMENT_ASSET_PATHS = "\"UseCase+InputStreaming/Preview Content\"";
				DEVELOPMENT_TEAM = YY8J3FPYX8;
				ENABLE_PREVIEWS = YES;
				GENERATE_INFOPLIST_FILE = YES;
				INFOPLIST_KEY_UIApplicationSceneManifest_Generation = YES;
				INFOPLIST_KEY_UIApplicationSupportsIndirectInputEvents = YES;
				INFOPLIST_KEY_UILaunchScreen_Generation = YES;
				INFOPLIST_KEY_UISupportedInterfaceOrientations_iPad = "UIInterfaceOrientationPortrait UIInterfaceOrientationPortraitUpsideDown UIInterfaceOrientationLandscapeLeft UIInterfaceOrientationLandscapeRight";
				INFOPLIST_KEY_UISupportedInterfaceOrientations_iPhone = "UIInterfaceOrientationPortrait UIInterfaceOrientationLandscapeLeft UIInterfaceOrientationLandscapeRight";
				LD_RUNPATH_SEARCH_PATHS = (
					"$(inherited)",
					"@executable_path/Frameworks",
				);
				MARKETING_VERSION = 1.0;
				PRODUCT_BUNDLE_IDENTIFIER = "com.timothyrosenvall.UseCase-InputStreaming";
				PRODUCT_NAME = "$(TARGET_NAME)";
				SWIFT_EMIT_LOC_STRINGS = YES;
				SWIFT_VERSION = 5.0;
				TARGETED_DEVICE_FAMILY = "1,2";
			};
			name = Release;
		};
/* End XCBuildConfiguration section */

/* Begin XCConfigurationList section */
		850B6FD02EAE57780085255C /* Build configuration list for PBXProject "UseCase+InputStreaming" */ = {
			isa = XCConfigurationList;
			buildConfigurations = (
				850B6FE12EAE577C0085255C /* Debug */,
				850B6FE22EAE577C0085255C /* Release */,
			);
			defaultConfigurationIsVisible = 0;
			defaultConfigurationName = Release;
		};
		850B6FE32EAE577D0085255C /* Build configuration list for PBXNativeTarget "UseCase+InputStreaming" */ = {
			isa = XCConfigurationList;
			buildConfigurations = (
				850B6FE42EAE577D0085255C /* Debug */,
				850B6FE52EAE577D0085255C /* Release */,
			);
			defaultConfigurationIsVisible = 0;
			defaultConfigurationName = Release;
		};
/* End XCConfigurationList section */

/* Begin XCRemoteSwiftPackageReference section */
		850B6FEE2EB15CA20085255C /* XCRemoteSwiftPackageReference "swift-atomics" */ = {
			isa = XCRemoteSwiftPackageReference;
			repositoryURL = "https://github.com/apple/swift-atomics.git";
			requirement = {
				kind = exactVersion;
				version = 1.1.0;
			};
		};
/* End XCRemoteSwiftPackageReference section */

/* Begin XCSwiftPackageProductDependency section */
		850B6FF02EB15E230085255C /* Atomics */ = {
			isa = XCSwiftPackageProductDependency;
			package = 850B6FEE2EB15CA20085255C /* XCRemoteSwiftPackageReference "swift-atomics" */;
			productName = Atomics;
		};
/* End XCSwiftPackageProductDependency section */
	};
	rootObject = 850B6FCD2EAE57780085255C /* Project object */;
}
